
Microsoft Visual Studio Solution File, Format Version 12.00
# Visual Studio Version 16
VisualStudioVersion = 16.0.30907.101
MinimumVisualStudioVersion = 10.0.40219.1
Project("{FAE04EC0-301F-11D3-BF4B-00C04F79EFBC}") = "IMPLEMENTAZIONE VERIFICA", "IMPLEMENTAZIONE VERIFICA\IMPLEMENTAZIONE VERIFICA.csproj", "{C25DBD2C-6357-4554-A0E6-FAE4EF61C32D}"
EndProject
Global
	GlobalSection(SolutionConfigurationPlatforms) = preSolution
		Debug|Any CPU = Debug|Any CPU
		Release|Any CPU = Release|Any CPU
	EndGlobalSection
	GlobalSection(ProjectConfigurationPlatforms) = postSolution
		{C25DBD2C-6357-4554-A0E6-FAE4EF61C32D}.Debug|Any CPU.ActiveCfg = Debug|Any CPU
		{C25DBD2C-6357-4554-A0E6-FAE4EF61C32D}.Debug|Any CPU.Build.0 = Debug|Any CPU
		{C25DBD2C-6357-4554-A0E6-FAE4EF61C32D}.Release|Any CPU.ActiveCfg = Release|Any CPU
		{C25DBD2C-6357-4554-A0E6-FAE4EF61C32D}.Release|Any CPU.Build.0 = Release|Any CPU
	EndGlobalSection
	GlobalSection(SolutionProperties) = preSolution
		HideSolutionNode = FALSE
	EndGlobalSection
	GlobalSection(ExtensibilityGlobals) = postSolution
		SolutionGuid = {47BE4A73-4630-4BEC-B2EA-4CF846777602}
	EndGlobalSection
EndGlobal
